
Microsoft Visual Studio Solution File, Format Version 12.00
# Visual Studio Version 16
VisualStudioVersion = 16.0.30711.63
MinimumVisualStudioVersion = 10.0.40219.1
Project("{FAE04EC0-301F-11D3-BF4B-00C04F79EFBC}") = "FacebookAuth", "FacebookAuth\FacebookAuth.csproj", "{23E64CCF-6633-4D82-B628-50700DB696B5}"
EndProject
Global
	GlobalSection(SolutionConfigurationPlatforms) = preSolution
		Debug|Any CPU = Debug|Any CPU
		Release|Any CPU = Release|Any CPU
	EndGlobalSection
	GlobalSection(ProjectConfigurationPlatforms) = postSolution
		{23E64CCF-6633-4D82-B628-50700DB696B5}.Debug|Any CPU.ActiveCfg = Debug|Any CPU
		{23E64CCF-6633-4D82-B628-50700DB696B5}.Debug|Any CPU.Build.0 = Debug|Any CPU
		{23E64CCF-6633-4D82-B628-50700DB696B5}.Release|Any CPU.ActiveCfg = Release|Any CPU
		{23E64CCF-6633-4D82-B628-50700DB696B5}.Release|Any CPU.Build.0 = Release|Any CPU
	EndGlobalSection
	GlobalSection(SolutionProperties) = preSolution
		HideSolutionNode = FALSE
	EndGlobalSection
	GlobalSection(ExtensibilityGlobals) = postSolution
		SolutionGuid = {D0D60F97-337A-471E-853B-64137CF1F488}
	EndGlobalSection
EndGlobal
